
Microsoft Visual Studio Solution File, Format Version 12.00
# Visual Studio 15
VisualStudioVersion = 15.0.27428.2043
MinimumVisualStudioVersion = 10.0.40219.1
Project("{FAE04EC0-301F-11D3-BF4B-00C04F79EFBC}") = "CareerCloud.Pocos", "CareerCloud.Pocos\CareerCloud.Pocos.csproj", "{C053BF1F-3F81-4E64-896A-C10AF58A42C2}"
EndProject
Project("{FAE04EC0-301F-11D3-BF4B-00C04F79EFBC}") = "CareerCloud.DataAccessLayer", "CareerCloud.DataAccessLayer\CareerCloud.DataAccessLayer.csproj", "{D1AA54F2-62B9-4EAF-AD39-F5B12E062FC2}"
EndProject
Project("{FAE04EC0-301F-11D3-BF4B-00C04F79EFBC}") = "CareerCloud.ADODataAccessLayer", "CareerCloud.ADODataAccessLayer\CareerCloud.ADODataAccessLayer.csproj", "{1A921199-9971-4D1E-821E-28488DE30AFB}"
EndProject
Project("{FAE04EC0-301F-11D3-BF4B-00C04F79EFBC}") = "CareerCloud.BusinessLogicLayer", "CareerCloud.BusinessLogicLayer\CareerCloud.BusinessLogicLayer.csproj", "{52DA3BC4-31D8-49BE-86FB-9A59E2E2B08D}"
EndProject
Project("{FAE04EC0-301F-11D3-BF4B-00C04F79EFBC}") = "CareerCloud.EntityFrameworkDataAccess", "CareerCloud.EntityFrameworkDataAccess\CareerCloud.EntityFrameworkDataAccess.csproj", "{910D0D65-3D61-4842-887E-64A068E20856}"
EndProject
Project("{FAE04EC0-301F-11D3-BF4B-00C04F79EFBC}") = "CareerCloud.WCF", "CareerCloud.WCF\CareerCloud.WCF.csproj", "{9C647224-5FCE-4E85-861C-E73FBF4AD48D}"
EndProject
Project("{FAE04EC0-301F-11D3-BF4B-00C04F79EFBC}") = "CareerCloud.UnitTests.Assignment5", "..\CareerCloud.UnitTests.Assignment5\CareerCloud.UnitTests.Assignment5\CareerCloud.UnitTests.Assignment5.csproj", "{943928D9-1890-4404-A8AF-5FF14079C136}"
EndProject
Project("{FAE04EC0-301F-11D3-BF4B-00C04F79EFBC}") = "CareerCloud.WebAPI", "CareerCloud.WebAPI\CareerCloud.WebAPI.csproj", "{FF48D236-3602-4378-84D4-3C0AAB68EEE9}"
EndProject
Project("{FAE04EC0-301F-11D3-BF4B-00C04F79EFBC}") = "CareerCloud.UnitTests.Assignment6", "CareerCloud.UnitTests.Assignment6\CareerCloud.UnitTests.Assignment6\CareerCloud.UnitTests.Assignment6.csproj", "{878AFB57-B469-4CC7-A714-0E447A4DA8E4}"
EndProject
Global
	GlobalSection(SolutionConfigurationPlatforms) = preSolution
		Debug|Any CPU = Debug|Any CPU
		Release|Any CPU = Release|Any CPU
	EndGlobalSection
	GlobalSection(ProjectConfigurationPlatforms) = postSolution
		{C053BF1F-3F81-4E64-896A-C10AF58A42C2}.Debug|Any CPU.ActiveCfg = Debug|Any CPU
		{C053BF1F-3F81-4E64-896A-C10AF58A42C2}.Debug|Any CPU.Build.0 = Debug|Any CPU
		{C053BF1F-3F81-4E64-896A-C10AF58A42C2}.Release|Any CPU.ActiveCfg = Release|Any CPU
		{C053BF1F-3F81-4E64-896A-C10AF58A42C2}.Release|Any CPU.Build.0 = Release|Any CPU
		{D1AA54F2-62B9-4EAF-AD39-F5B12E062FC2}.Debug|Any CPU.ActiveCfg = Debug|Any CPU
		{D1AA54F2-62B9-4EAF-AD39-F5B12E062FC2}.Debug|Any CPU.Build.0 = Debug|Any CPU
		{D1AA54F2-62B9-4EAF-AD39-F5B12E062FC2}.Release|Any CPU.ActiveCfg = Release|Any CPU
		{D1AA54F2-62B9-4EAF-AD39-F5B12E062FC2}.Release|Any CPU.Build.0 = Release|Any CPU
		{1A921199-9971-4D1E-821E-28488DE30AFB}.Debug|Any CPU.ActiveCfg = Debug|Any CPU
		{1A921199-9971-4D1E-821E-28488DE30AFB}.Debug|Any CPU.Build.0 = Debug|Any CPU
		{1A921199-9971-4D1E-821E-28488DE30AFB}.Release|Any CPU.ActiveCfg = Release|Any CPU
		{1A921199-9971-4D1E-821E-28488DE30AFB}.Release|Any CPU.Build.0 = Release|Any CPU
		{52DA3BC4-31D8-49BE-86FB-9A59E2E2B08D}.Debug|Any CPU.ActiveCfg = Debug|Any CPU
		{52DA3BC4-31D8-49BE-86FB-9A59E2E2B08D}.Debug|Any CPU.Build.0 = Debug|Any CPU
		{52DA3BC4-31D8-49BE-86FB-9A59E2E2B08D}.Release|Any CPU.ActiveCfg = Release|Any CPU
		{52DA3BC4-31D8-49BE-86FB-9A59E2E2B08D}.Release|Any CPU.Build.0 = Release|Any CPU
		{910D0D65-3D61-4842-887E-64A068E20856}.Debug|Any CPU.ActiveCfg = Debug|Any CPU
		{910D0D65-3D61-4842-887E-64A068E20856}.Debug|Any CPU.Build.0 = Debug|Any CPU
		{910D0D65-3D61-4842-887E-64A068E20856}.Release|Any CPU.ActiveCfg = Release|Any CPU
		{910D0D65-3D61-4842-887E-64A068E20856}.Release|Any CPU.Build.0 = Release|Any CPU
		{9C647224-5FCE-4E85-861C-E73FBF4AD48D}.Debug|Any CPU.ActiveCfg = Debug|Any CPU
		{9C647224-5FCE-4E85-861C-E73FBF4AD48D}.Debug|Any CPU.Build.0 = Debug|Any CPU
		{9C647224-5FCE-4E85-861C-E73FBF4AD48D}.Release|Any CPU.ActiveCfg = Release|Any CPU
		{9C647224-5FCE-4E85-861C-E73FBF4AD48D}.Release|Any CPU.Build.0 = Release|Any CPU
		{943928D9-1890-4404-A8AF-5FF14079C136}.Debug|Any CPU.ActiveCfg = Debug|Any CPU
		{943928D9-1890-4404-A8AF-5FF14079C136}.Debug|Any CPU.Build.0 = Debug|Any CPU
		{943928D9-1890-4404-A8AF-5FF14079C136}.Release|Any CPU.ActiveCfg = Release|Any CPU
		{943928D9-1890-4404-A8AF-5FF14079C136}.Release|Any CPU.Build.0 = Release|Any CPU
		{FF48D236-3602-4378-84D4-3C0AAB68EEE9}.Debug|Any CPU.ActiveCfg = Debug|Any CPU
		{FF48D236-3602-4378-84D4-3C0AAB68EEE9}.Debug|Any CPU.Build.0 = Debug|Any CPU
		{FF48D236-3602-4378-84D4-3C0AAB68EEE9}.Release|Any CPU.ActiveCfg = Release|Any CPU
		{FF48D236-3602-4378-84D4-3C0AAB68EEE9}.Release|Any CPU.Build.0 = Release|Any CPU
		{878AFB57-B469-4CC7-A714-0E447A4DA8E4}.Debug|Any CPU.ActiveCfg = Debug|Any CPU
		{878AFB57-B469-4CC7-A714-0E447A4DA8E4}.Debug|Any CPU.Build.0 = Debug|Any CPU
		{878AFB57-B469-4CC7-A714-0E447A4DA8E4}.Release|Any CPU.ActiveCfg = Release|Any CPU
		{878AFB57-B469-4CC7-A714-0E447A4DA8E4}.Release|Any CPU.Build.0 = Release|Any CPU
	EndGlobalSection
	GlobalSection(SolutionProperties) = preSolution
		HideSolutionNode = FALSE
	EndGlobalSection
	GlobalSection(ExtensibilityGlobals) = postSolution
		SolutionGuid = {C1485608-49DB-4DDF-8662-53B19E49400B}
	EndGlobalSection
EndGlobal
